// !$*UTF8*$!
{
	archiveVersion = 1;
	classes = {
	};
	objectVersion = 50;
	objects = {

/* Begin PBXBuildFile section */
		AC8257062630ED010001FD4A /* AppDelegate.swift in Sources */ = {isa = PBXBuildFile; fileRef = AC8257052630ED010001FD4A /* AppDelegate.swift */; };
		AC8257082630ED010001FD4A /* SceneDelegate.swift in Sources */ = {isa = PBXBuildFile; fileRef = AC8257072630ED010001FD4A /* SceneDelegate.swift */; };
		AC82570D2630ED010001FD4A /* Main.storyboard in Resources */ = {isa = PBXBuildFile; fileRef = AC82570B2630ED010001FD4A /* Main.storyboard */; };
		AC82570F2630ED030001FD4A /* Assets.xcassets in Resources */ = {isa = PBXBuildFile; fileRef = AC82570E2630ED030001FD4A /* Assets.xcassets */; };
		AC8257122630ED030001FD4A /* LaunchScreen.storyboard in Resources */ = {isa = PBXBuildFile; fileRef = AC8257102630ED030001FD4A /* LaunchScreen.storyboard */; };
		AC82571C2630ED600001FD4A /* CurrenciesTableViewController.swift in Sources */ = {isa = PBXBuildFile; fileRef = AC82571B2630ED600001FD4A /* CurrenciesTableViewController.swift */; };
		AC82571F2630EE820001FD4A /* NetworkManager.swift in Sources */ = {isa = PBXBuildFile; fileRef = AC82571E2630EE820001FD4A /* NetworkManager.swift */; };
		AC8257222630F1310001FD4A /* CurrencyModel.swift in Sources */ = {isa = PBXBuildFile; fileRef = AC8257212630F1310001FD4A /* CurrencyModel.swift */; };
		AC8257252630F1AB0001FD4A /* CurrenciesViewModel.swift in Sources */ = {isa = PBXBuildFile; fileRef = AC8257242630F1AB0001FD4A /* CurrenciesViewModel.swift */; };
		AC8257282630F1E30001FD4A /* CurrenciesService.swift in Sources */ = {isa = PBXBuildFile; fileRef = AC8257272630F1E30001FD4A /* CurrenciesService.swift */; };
		AC8257312630FB9B0001FD4A /* APIConstants.swift in Sources */ = {isa = PBXBuildFile; fileRef = AC8257302630FB9B0001FD4A /* APIConstants.swift */; };
/* End PBXBuildFile section */

/* Begin PBXFileReference section */
		AC8257022630ED010001FD4A /* Currencies_MVVM.app */ = {isa = PBXFileReference; explicitFileType = wrapper.application; includeInIndex = 0; path = Currencies_MVVM.app; sourceTree = BUILT_PRODUCTS_DIR; };
		AC8257052630ED010001FD4A /* AppDelegate.swift */ = {isa = PBXFileReference; lastKnownFileType = sourcecode.swift; path = AppDelegate.swift; sourceTree = "<group>"; };
		AC8257072630ED010001FD4A /* SceneDelegate.swift */ = {isa = PBXFileReference; lastKnownFileType = sourcecode.swift; path = SceneDelegate.swift; sourceTree = "<group>"; };
		AC82570C2630ED010001FD4A /* Base */ = {isa = PBXFileReference; lastKnownFileType = file.storyboard; name = Base; path = Base.lproj/Main.storyboard; sourceTree = "<group>"; };
		AC82570E2630ED030001FD4A /* Assets.xcassets */ = {isa = PBXFileReference; lastKnownFileType = folder.assetcatalog; path = Assets.xcassets; sourceTree = "<group>"; };
		AC8257112630ED030001FD4A /* Base */ = {isa = PBXFileReference; lastKnownFileType = file.storyboard; name = Base; path = Base.lproj/LaunchScreen.storyboard; sourceTree = "<group>"; };
		AC8257132630ED030001FD4A /* Info.plist */ = {isa = PBXFileReference; lastKnownFileType = text.plist.xml; path = Info.plist; sourceTree = "<group>"; };
		AC82571B2630ED600001FD4A /* CurrenciesTableViewController.swift */ = {isa = PBXFileReference; lastKnownFileType = sourcecode.swift; path = CurrenciesTableViewController.swift; sourceTree = "<group>"; };
		AC82571E2630EE820001FD4A /* NetworkManager.swift */ = {isa = PBXFileReference; lastKnownFileType = sourcecode.swift; path = NetworkManager.swift; sourceTree = "<group>"; };
		AC8257212630F1310001FD4A /* CurrencyModel.swift */ = {isa = PBXFileReference; lastKnownFileType = sourcecode.swift; path = CurrencyModel.swift; sourceTree = "<group>"; };
		AC8257242630F1AB0001FD4A /* CurrenciesViewModel.swift */ = {isa = PBXFileReference; lastKnownFileType = sourcecode.swift; path = CurrenciesViewModel.swift; sourceTree = "<group>"; };
		AC8257272630F1E30001FD4A /* CurrenciesService.swift */ = {isa = PBXFileReference; lastKnownFileType = sourcecode.swift; path = CurrenciesService.swift; sourceTree = "<group>"; };
		AC8257302630FB9B0001FD4A /* APIConstants.swift */ = {isa = PBXFileReference; lastKnownFileType = sourcecode.swift; path = APIConstants.swift; sourceTree = "<group>"; };
		AC82573E26322F4E0001FD4A /* MyPlayground.playground */ = {isa = PBXFileReference; lastKnownFileType = file.playground; path = MyPlayground.playground; sourceTree = "<group>"; xcLanguageSpecificationIdentifier = xcode.lang.swift; };
/* End PBXFileReference section */

/* Begin PBXFrameworksBuildPhase section */
		AC8256FF2630ED010001FD4A /* Frameworks */ = {
			isa = PBXFrameworksBuildPhase;
			buildActionMask = 2147483647;
			files = (
			);
			runOnlyForDeploymentPostprocessing = 0;
		};
/* End PBXFrameworksBuildPhase section */

/* Begin PBXGroup section */
		AC8256F92630ED010001FD4A = {
			isa = PBXGroup;
			children = (
				AC82573E26322F4E0001FD4A /* MyPlayground.playground */,
				AC8257042630ED010001FD4A /* Currencies_MVVM */,
				AC8257032630ED010001FD4A /* Products */,
			);
			sourceTree = "<group>";
		};
		AC8257032630ED010001FD4A /* Products */ = {
			isa = PBXGroup;
			children = (
				AC8257022630ED010001FD4A /* Currencies_MVVM.app */,
			);
			name = Products;
			sourceTree = "<group>";
		};
		AC8257042630ED010001FD4A /* Currencies_MVVM */ = {
			isa = PBXGroup;
			children = (
				AC8257052630ED010001FD4A /* AppDelegate.swift */,
				AC8257072630ED010001FD4A /* SceneDelegate.swift */,
				AC8257362630FE460001FD4A /* Common */,
				AC82572F2630FB610001FD4A /* NetworkUtility */,
				AC82572A2630FB210001FD4A /* CurrencyList */,
				AC82570B2630ED010001FD4A /* Main.storyboard */,
				AC82570E2630ED030001FD4A /* Assets.xcassets */,
				AC8257102630ED030001FD4A /* LaunchScreen.storyboard */,
				AC8257132630ED030001FD4A /* Info.plist */,
			);
			path = Currencies_MVVM;
			sourceTree = "<group>";
		};
		AC82572A2630FB210001FD4A /* CurrencyList */ = {
			isa = PBXGroup;
			children = (
				AC82572E2630FB420001FD4A /* View */,
				AC82572D2630FB3C0001FD4A /* Models */,
				AC82572C2630FB350001FD4A /* ViewModel */,
				AC82572B2630FB2C0001FD4A /* Service */,
			);
			path = CurrencyList;
			sourceTree = "<group>";
		};
		AC82572B2630FB2C0001FD4A /* Service */ = {
			isa = PBXGroup;
			children = (
				AC8257272630F1E30001FD4A /* CurrenciesService.swift */,
			);
			path = Service;
			sourceTree = "<group>";
		};
		AC82572C2630FB350001FD4A /* ViewModel */ = {
			isa = PBXGroup;
			children = (
				AC8257242630F1AB0001FD4A /* CurrenciesViewModel.swift */,
			);
			path = ViewModel;
			sourceTree = "<group>";
		};
		AC82572D2630FB3C0001FD4A /* Models */ = {
			isa = PBXGroup;
			children = (
				AC8257212630F1310001FD4A /* CurrencyModel.swift */,
			);
			path = Models;
			sourceTree = "<group>";
		};
		AC82572E2630FB420001FD4A /* View */ = {
			isa = PBXGroup;
			children = (
				AC82571B2630ED600001FD4A /* CurrenciesTableViewController.swift */,
			);
			path = View;
			sourceTree = "<group>";
		};
		AC82572F2630FB610001FD4A /* NetworkUtility */ = {
			isa = PBXGroup;
			children = (
				AC82571E2630EE820001FD4A /* NetworkManager.swift */,
			);
			path = NetworkUtility;
			sourceTree = "<group>";
		};
		AC8257362630FE460001FD4A /* Common */ = {
			isa = PBXGroup;
			children = (
				AC8257302630FB9B0001FD4A /* APIConstants.swift */,
			);
			path = Common;
			sourceTree = "<group>";
		};
/* End PBXGroup section */

/* Begin PBXNativeTarget section */
		AC8257012630ED010001FD4A /* Currencies_MVVM */ = {
			isa = PBXNativeTarget;
			buildConfigurationList = AC8257162630ED030001FD4A /* Build configuration list for PBXNativeTarget "Currencies_MVVM" */;
			buildPhases = (
				AC8256FE2630ED010001FD4A /* Sources */,
				AC8256FF2630ED010001FD4A /* Frameworks */,
				AC8257002630ED010001FD4A /* Resources */,
			);
			buildRules = (
			);
			dependencies = (
			);
			name = Currencies_MVVM;
			productName = Currencies_MVVM;
			productReference = AC8257022630ED010001FD4A /* Currencies_MVVM.app */;
			productType = "com.apple.product-type.application";
		};
/* End PBXNativeTarget section */

/* Begin PBXProject section */
		AC8256FA2630ED010001FD4A /* Project object */ = {
			isa = PBXProject;
			attributes = {
				LastSwiftUpdateCheck = 1240;
				LastUpgradeCheck = 1240;
				TargetAttributes = {
					AC8257012630ED010001FD4A = {
						CreatedOnToolsVersion = 12.4;
					};
				};
			};
			buildConfigurationList = AC8256FD2630ED010001FD4A /* Build configuration list for PBXProject "Currencies_MVVM" */;
			compatibilityVersion = "Xcode 9.3";
			developmentRegion = en;
			hasScannedForEncodings = 0;
			knownRegions = (
				en,
				Base,
			);
			mainGroup = AC8256F92630ED010001FD4A;
			productRefGroup = AC8257032630ED010001FD4A /* Products */;
			projectDirPath = "";
			projectRoot = "";
			targets = (
				AC8257012630ED010001FD4A /* Currencies_MVVM */,
			);
		};
/* End PBXProject section */

/* Begin PBXResourcesBuildPhase section */
		AC8257002630ED010001FD4A /* Resources */ = {
			isa = PBXResourcesBuildPhase;
			buildActionMask = 2147483647;
			files = (
				AC8257122630ED030001FD4A /* LaunchScreen.storyboard in Resources */,
				AC82570F2630ED030001FD4A /* Assets.xcassets in Resources */,
				AC82570D2630ED010001FD4A /* Main.storyboard in Resources */,
			);
			runOnlyForDeploymentPostprocessing = 0;
		};
/* End PBXResourcesBuildPhase section */

/* Begin PBXSourcesBuildPhase section */
		AC8256FE2630ED010001FD4A /* Sources */ = {
			isa = PBXSourcesBuildPhase;
			buildActionMask = 2147483647;
			files = (
				AC8257222630F1310001FD4A /* CurrencyModel.swift in Sources */,
				AC82571F2630EE820001FD4A /* NetworkManager.swift in Sources */,
				AC82571C2630ED600001FD4A /* CurrenciesTableViewController.swift in Sources */,
				AC8257252630F1AB0001FD4A /* CurrenciesViewModel.swift in Sources */,
				AC8257312630FB9B0001FD4A /* APIConstants.swift in Sources */,
				AC8257062630ED010001FD4A /* AppDelegate.swift in Sources */,
				AC8257282630F1E30001FD4A /* CurrenciesService.swift in Sources */,
				AC8257082630ED010001FD4A /* SceneDelegate.swift in Sources */,
			);
			runOnlyForDeploymentPostprocessing = 0;
		};
/* End PBXSourcesBuildPhase section */

/* Begin PBXVariantGroup section */
		AC82570B2630ED010001FD4A /* Main.storyboard */ = {
			isa = PBXVariantGroup;
			children = (
				AC82570C2630ED010001FD4A /* Base */,
			);
			name = Main.storyboard;
			sourceTree = "<group>";
		};
		AC8257102630ED030001FD4A /* LaunchScreen.storyboard */ = {
			isa = PBXVariantGroup;
			children = (
				AC8257112630ED030001FD4A /* Base */,
			);
			name = LaunchScreen.storyboard;
			sourceTree = "<group>";
		};
/* End PBXVariantGroup section */

/* Begin XCBuildConfiguration section */
		AC8257142630ED030001FD4A /* Debug */ = {
			isa = XCBuildConfiguration;
			buildSettings = {
				ALWAYS_SEARCH_USER_PATHS = NO;
				CLANG_ANALYZER_NONNULL = YES;
				CLANG_ANALYZER_NUMBER_OBJECT_CONVERSION = YES_AGGRESSIVE;
				CLANG_CXX_LANGUAGE_STANDARD = "gnu++14";
				CLANG_CXX_LIBRARY = "libc++";
				CLANG_ENABLE_MODULES = YES;
				CLANG_ENABLE_OBJC_ARC = YES;
				CLANG_ENABLE_OBJC_WEAK = YES;
				CLANG_WARN_BLOCK_CAPTURE_AUTORELEASING = YES;
				CLANG_WARN_BOOL_CONVERSION = YES;
				CLANG_WARN_COMMA = YES;
				CLANG_WARN_CONSTANT_CONVERSION = YES;
				CLANG_WARN_DEPRECATED_OBJC_IMPLEMENTATIONS = YES;
				CLANG_WARN_DIRECT_OBJC_ISA_USAGE = YES_ERROR;
				CLANG_WARN_DOCUMENTATION_COMMENTS = YES;
				CLANG_WARN_EMPTY_BODY = YES;
				CLANG_WARN_ENUM_CONVERSION = YES;
				CLANG_WARN_INFINITE_RECURSION = YES;
				CLANG_WARN_INT_CONVERSION = YES;
				CLANG_WARN_NON_LITERAL_NULL_CONVERSION = YES;
				CLANG_WARN_OBJC_IMPLICIT_RETAIN_SELF = YES;
				CLANG_WARN_OBJC_LITERAL_CONVERSION = YES;
				CLANG_WARN_OBJC_ROOT_CLASS = YES_ERROR;
				CLANG_WARN_QUOTED_INCLUDE_IN_FRAMEWORK_HEADER = YES;
				CLANG_WARN_RANGE_LOOP_ANALYSIS = YES;
				CLANG_WARN_STRICT_PROTOTYPES = YES;
				CLANG_WARN_SUSPICIOUS_MOVE = YES;
				CLANG_WARN_UNGUARDED_AVAILABILITY = YES_AGGRESSIVE;
				CLANG_WARN_UNREACHABLE_CODE = YES;
				CLANG_WARN__DUPLICATE_METHOD_MATCH = YES;
				COPY_PHASE_STRIP = NO;
				DEBUG_INFORMATION_FORMAT = dwarf;
				ENABLE_STRICT_OBJC_MSGSEND = YES;
				ENABLE_TESTABILITY = YES;
				GCC_C_LANGUAGE_STANDARD = gnu11;
				GCC_DYNAMIC_NO_PIC = NO;
				GCC_NO_COMMON_BLOCKS = YES;
				GCC_OPTIMIZATION_LEVEL = 0;
				GCC_PREPROCESSOR_DEFINITIONS = (
					"DEBUG=1",
					"$(inherited)",
				);
				GCC_WARN_64_TO_32_BIT_CONVERSION = YES;
				GCC_WARN_ABOUT_RETURN_TYPE = YES_ERROR;
				GCC_WARN_UNDECLARED_SELECTOR = YES;
				GCC_WARN_UNINITIALIZED_AUTOS = YES_AGGRESSIVE;
				GCC_WARN_UNUSED_FUNCTION = YES;
				GCC_WARN_UNUSED_VARIABLE = YES;
				IPHONEOS_DEPLOYMENT_TARGET = 14.4;
				MTL_ENABLE_DEBUG_INFO = INCLUDE_SOURCE;
				MTL_FAST_MATH = YES;
				ONLY_ACTIVE_ARCH = YES;
				SDKROOT = iphoneos;
				SWIFT_ACTIVE_COMPILATION_CONDITIONS = DEBUG;
				SWIFT_OPTIMIZATION_LEVEL = "-Onone";
			};
			name = Debug;
		};
		AC8257152630ED030001FD4A /* Release */ = {
			isa = XCBuildConfiguration;
			buildSettings = {
				ALWAYS_SEARCH_USER_PATHS = NO;
				CLANG_ANALYZER_NONNULL = YES;
				CLANG_ANALYZER_NUMBER_OBJECT_CONVERSION = YES_AGGRESSIVE;
				CLANG_CXX_LANGUAGE_STANDARD = "gnu++14";
				CLANG_CXX_LIBRARY = "libc++";
				CLANG_ENABLE_MODULES = YES;
				CLANG_ENABLE_OBJC_ARC = YES;
				CLANG_ENABLE_OBJC_WEAK = YES;
				CLANG_WARN_BLOCK_CAPTURE_AUTORELEASING = YES;
				CLANG_WARN_BOOL_CONVERSION = YES;
				CLANG_WARN_COMMA = YES;
				CLANG_WARN_CONSTANT_CONVERSION = YES;
				CLANG_WARN_DEPRECATED_OBJC_IMPLEMENTATIONS = YES;
				CLANG_WARN_DIRECT_OBJC_ISA_USAGE = YES_ERROR;
				CLANG_WARN_DOCUMENTATION_COMMENTS = YES;
				CLANG_WARN_EMPTY_BODY = YES;
				CLANG_WARN_ENUM_CONVERSION = YES;
				CLANG_WARN_INFINITE_RECURSION = YES;
				CLANG_WARN_INT_CONVERSION = YES;
				CLANG_WARN_NON_LITERAL_NULL_CONVERSION = YES;
				CLANG_WARN_OBJC_IMPLICIT_RETAIN_SELF = YES;
				CLANG_WARN_OBJC_LITERAL_CONVERSION = YES;
				CLANG_WARN_OBJC_ROOT_CLASS = YES_ERROR;
				CLANG_WARN_QUOTED_INCLUDE_IN_FRAMEWORK_HEADER = YES;
				CLANG_WARN_RANGE_LOOP_ANALYSIS = YES;
				CLANG_WARN_STRICT_PROTOTYPES = YES;
				CLANG_WARN_SUSPICIOUS_MOVE = YES;
				CLANG_WARN_UNGUARDED_AVAILABILITY = YES_AGGRESSIVE;
				CLANG_WARN_UNREACHABLE_CODE = YES;
				CLANG_WARN__DUPLICATE_METHOD_MATCH = YES;
				COPY_PHASE_STRIP = NO;
				DEBUG_INFORMATION_FORMAT = "dwarf-with-dsym";
				ENABLE_NS_ASSERTIONS = NO;
				ENABLE_STRICT_OBJC_MSGSEND = YES;
				GCC_C_LANGUAGE_STANDARD = gnu11;
				GCC_NO_COMMON_BLOCKS = YES;
				GCC_WARN_64_TO_32_BIT_CONVERSION = YES;
				GCC_WARN_ABOUT_RETURN_TYPE = YES_ERROR;
				GCC_WARN_UNDECLARED_SELECTOR = YES;
				GCC_WARN_UNINITIALIZED_AUTOS = YES_AGGRESSIVE;
				GCC_WARN_UNUSED_FUNCTION = YES;
				GCC_WARN_UNUSED_VARIABLE = YES;
				IPHONEOS_DEPLOYMENT_TARGET = 14.4;
				MTL_ENABLE_DEBUG_INFO = NO;
				MTL_FAST_MATH = YES;
				SDKROOT = iphoneos;
				SWIFT_COMPILATION_MODE = wholemodule;
				SWIFT_OPTIMIZATION_LEVEL = "-O";
				VALIDATE_PRODUCT = YES;
			};
			name = Release;
		};
		AC8257172630ED030001FD4A /* Debug */ = {
			isa = XCBuildConfiguration;
			buildSettings = {
				ASSETCATALOG_COMPILER_APPICON_NAME = AppIcon;
				ASSETCATALOG_COMPILER_GLOBAL_ACCENT_COLOR_NAME = AccentColor;
				CODE_SIGN_STYLE = Automatic;
				DEVELOPMENT_TEAM = 2AE89CW7BM;
				INFOPLIST_FILE = Currencies_MVVM/Info.plist;
				LD_RUNPATH_SEARCH_PATHS = (
					"$(inherited)",
					"@executable_path/Frameworks",
				);
				PRODUCT_BUNDLE_IDENTIFIER = "SampleApps.Currencies-MVVM";
				PRODUCT_NAME = "$(TARGET_NAME)";
				SWIFT_VERSION = 5.0;
				TARGETED_DEVICE_FAMILY = "1,2";
			};
			name = Debug;
		};
		AC8257182630ED030001FD4A /* Release */ = {
			isa = XCBuildConfiguration;
			buildSettings = {
				ASSETCATALOG_COMPILER_APPICON_NAME = AppIcon;
				ASSETCATALOG_COMPILER_GLOBAL_ACCENT_COLOR_NAME = AccentColor;
				CODE_SIGN_STYLE = Automatic;
				DEVELOPMENT_TEAM = 2AE89CW7BM;
				INFOPLIST_FILE = Currencies_MVVM/Info.plist;
				LD_RUNPATH_SEARCH_PATHS = (
					"$(inherited)",
					"@executable_path/Frameworks",
				);
				PRODUCT_BUNDLE_IDENTIFIER = "SampleApps.Currencies-MVVM";
				PRODUCT_NAME = "$(TARGET_NAME)";
				SWIFT_VERSION = 5.0;
				TARGETED_DEVICE_FAMILY = "1,2";
			};
			name = Release;
		};
/* End XCBuildConfiguration section */

/* Begin XCConfigurationList section */
		AC8256FD2630ED010001FD4A /* Build configuration list for PBXProject "Currencies_MVVM" */ = {
			isa = XCConfigurationList;
			buildConfigurations = (
				AC8257142630ED030001FD4A /* Debug */,
				AC8257152630ED030001FD4A /* Release */,
			);
			defaultConfigurationIsVisible = 0;
			defaultConfigurationName = Release;
		};
		AC8257162630ED030001FD4A /* Build configuration list for PBXNativeTarget "Currencies_MVVM" */ = {
			isa = XCConfigurationList;
			buildConfigurations = (
				AC8257172630ED030001FD4A /* Debug */,
				AC8257182630ED030001FD4A /* Release */,
			);
			defaultConfigurationIsVisible = 0;
			defaultConfigurationName = Release;
		};
/* End XCConfigurationList section */
	};
	rootObject = AC8256FA2630ED010001FD4A /* Project object */;
}
